
Microsoft Visual Studio Solution File, Format Version 12.00
# Visual Studio 15
Project("{FAE04EC0-301F-11D3-BF4B-00C04F79EFBC}") = "Ayo Memilah Sampah", "Ayo Memilah Sampah.csproj", "{0CB43821-76FB-B732-AE6D-1C38A93BE449}"
EndProject
Project("{FAE04EC0-301F-11D3-BF4B-00C04F79EFBC}") = "Ayo Memilah Sampah.Editor", "Ayo Memilah Sampah.Editor.csproj", "{1453E290-8FE0-E128-A3A3-36C12F97C5B8}"
EndProject
Global
	GlobalSection(SolutionConfigurationPlatforms) = preSolution
		Debug|Any CPU = Debug|Any CPU
		Release|Any CPU = Release|Any CPU
	EndGlobalSection
	GlobalSection(ProjectConfigurationPlatforms) = postSolution
		{0CB43821-76FB-B732-AE6D-1C38A93BE449}.Debug|Any CPU.ActiveCfg = Debug|Any CPU
		{0CB43821-76FB-B732-AE6D-1C38A93BE449}.Debug|Any CPU.Build.0 = Debug|Any CPU
		{0CB43821-76FB-B732-AE6D-1C38A93BE449}.Release|Any CPU.ActiveCfg = Release|Any CPU
		{0CB43821-76FB-B732-AE6D-1C38A93BE449}.Release|Any CPU.Build.0 = Release|Any CPU
		{1453E290-8FE0-E128-A3A3-36C12F97C5B8}.Debug|Any CPU.ActiveCfg = Debug|Any CPU
		{1453E290-8FE0-E128-A3A3-36C12F97C5B8}.Debug|Any CPU.Build.0 = Debug|Any CPU
		{1453E290-8FE0-E128-A3A3-36C12F97C5B8}.Release|Any CPU.ActiveCfg = Release|Any CPU
		{1453E290-8FE0-E128-A3A3-36C12F97C5B8}.Release|Any CPU.Build.0 = Release|Any CPU
	EndGlobalSection
	GlobalSection(SolutionProperties) = preSolution
		HideSolutionNode = FALSE
	EndGlobalSection
EndGlobal
